
Microsoft Visual Studio Solution File, Format Version 12.00
# Visual Studio 15
VisualStudioVersion = 15.0.28307.1169
MinimumVisualStudioVersion = 10.0.40219.1
Project("{FAE04EC0-301F-11D3-BF4B-00C04F79EFBC}") = "Xamarin.UITest.Android", "Xamarin.UITest\Xamarin.UITest.Android\Xamarin.UITest.Android.csproj", "{24CE3C36-16B9-426D-AA0C-5961ECF8D88C}"
EndProject
Project("{FAE04EC0-301F-11D3-BF4B-00C04F79EFBC}") = "Xamarin.UITest.iOS", "Xamarin.UITest\Xamarin.UITest.iOS\Xamarin.UITest.iOS.csproj", "{217C4BB3-1536-40D2-8C07-E971506286A6}"
EndProject
Project("{FAE04EC0-301F-11D3-BF4B-00C04F79EFBC}") = "Xamarin.UITest", "Xamarin.UITest\Xamarin.UITest\Xamarin.UITest.csproj", "{F9F99E09-7478-40C6-B08E-50741CECDDEA}"
EndProject
Global
	GlobalSection(SolutionConfigurationPlatforms) = preSolution
		Debug|Any CPU = Debug|Any CPU
		Debug|iPhone = Debug|iPhone
		Debug|iPhoneSimulator = Debug|iPhoneSimulator
		Release|Any CPU = Release|Any CPU
		Release|iPhone = Release|iPhone
		Release|iPhoneSimulator = Release|iPhoneSimulator
	EndGlobalSection
	GlobalSection(ProjectConfigurationPlatforms) = postSolution
		{24CE3C36-16B9-426D-AA0C-5961ECF8D88C}.Debug|Any CPU.ActiveCfg = Debug|Any CPU
		{24CE3C36-16B9-426D-AA0C-5961ECF8D88C}.Debug|Any CPU.Build.0 = Debug|Any CPU
		{24CE3C36-16B9-426D-AA0C-5961ECF8D88C}.Debug|Any CPU.Deploy.0 = Debug|Any CPU
		{24CE3C36-16B9-426D-AA0C-5961ECF8D88C}.Debug|iPhone.ActiveCfg = Debug|Any CPU
		{24CE3C36-16B9-426D-AA0C-5961ECF8D88C}.Debug|iPhone.Build.0 = Debug|Any CPU
		{24CE3C36-16B9-426D-AA0C-5961ECF8D88C}.Debug|iPhone.Deploy.0 = Debug|Any CPU
		{24CE3C36-16B9-426D-AA0C-5961ECF8D88C}.Debug|iPhoneSimulator.ActiveCfg = Debug|Any CPU
		{24CE3C36-16B9-426D-AA0C-5961ECF8D88C}.Debug|iPhoneSimulator.Build.0 = Debug|Any CPU
		{24CE3C36-16B9-426D-AA0C-5961ECF8D88C}.Debug|iPhoneSimulator.Deploy.0 = Debug|Any CPU
		{24CE3C36-16B9-426D-AA0C-5961ECF8D88C}.Release|Any CPU.ActiveCfg = Release|Any CPU
		{24CE3C36-16B9-426D-AA0C-5961ECF8D88C}.Release|Any CPU.Build.0 = Release|Any CPU
		{24CE3C36-16B9-426D-AA0C-5961ECF8D88C}.Release|Any CPU.Deploy.0 = Release|Any CPU
		{24CE3C36-16B9-426D-AA0C-5961ECF8D88C}.Release|iPhone.ActiveCfg = Release|Any CPU
		{24CE3C36-16B9-426D-AA0C-5961ECF8D88C}.Release|iPhone.Build.0 = Release|Any CPU
		{24CE3C36-16B9-426D-AA0C-5961ECF8D88C}.Release|iPhone.Deploy.0 = Release|Any CPU
		{24CE3C36-16B9-426D-AA0C-5961ECF8D88C}.Release|iPhoneSimulator.ActiveCfg = Release|Any CPU
		{24CE3C36-16B9-426D-AA0C-5961ECF8D88C}.Release|iPhoneSimulator.Build.0 = Release|Any CPU
		{24CE3C36-16B9-426D-AA0C-5961ECF8D88C}.Release|iPhoneSimulator.Deploy.0 = Release|Any CPU
		{217C4BB3-1536-40D2-8C07-E971506286A6}.Debug|Any CPU.ActiveCfg = Debug|iPhoneSimulator
		{217C4BB3-1536-40D2-8C07-E971506286A6}.Debug|Any CPU.Build.0 = Debug|iPhoneSimulator
		{217C4BB3-1536-40D2-8C07-E971506286A6}.Debug|Any CPU.Deploy.0 = Debug|iPhoneSimulator
		{217C4BB3-1536-40D2-8C07-E971506286A6}.Debug|iPhone.ActiveCfg = Debug|iPhone
		{217C4BB3-1536-40D2-8C07-E971506286A6}.Debug|iPhone.Build.0 = Debug|iPhone
		{217C4BB3-1536-40D2-8C07-E971506286A6}.Debug|iPhone.Deploy.0 = Debug|iPhone
		{217C4BB3-1536-40D2-8C07-E971506286A6}.Debug|iPhoneSimulator.ActiveCfg = Debug|iPhoneSimulator
		{217C4BB3-1536-40D2-8C07-E971506286A6}.Debug|iPhoneSimulator.Build.0 = Debug|iPhoneSimulator
		{217C4BB3-1536-40D2-8C07-E971506286A6}.Debug|iPhoneSimulator.Deploy.0 = Debug|iPhoneSimulator
		{217C4BB3-1536-40D2-8C07-E971506286A6}.Release|Any CPU.ActiveCfg = Release|iPhone
		{217C4BB3-1536-40D2-8C07-E971506286A6}.Release|Any CPU.Build.0 = Release|iPhone
		{217C4BB3-1536-40D2-8C07-E971506286A6}.Release|Any CPU.Deploy.0 = Release|iPhone
		{217C4BB3-1536-40D2-8C07-E971506286A6}.Release|iPhone.ActiveCfg = Release|iPhone
		{217C4BB3-1536-40D2-8C07-E971506286A6}.Release|iPhone.Build.0 = Release|iPhone
		{217C4BB3-1536-40D2-8C07-E971506286A6}.Release|iPhone.Deploy.0 = Release|iPhone
		{217C4BB3-1536-40D2-8C07-E971506286A6}.Release|iPhoneSimulator.ActiveCfg = Release|iPhoneSimulator
		{217C4BB3-1536-40D2-8C07-E971506286A6}.Release|iPhoneSimulator.Build.0 = Release|iPhoneSimulator
		{217C4BB3-1536-40D2-8C07-E971506286A6}.Release|iPhoneSimulator.Deploy.0 = Release|iPhoneSimulator
		{F9F99E09-7478-40C6-B08E-50741CECDDEA}.Debug|Any CPU.ActiveCfg = Debug|Any CPU
		{F9F99E09-7478-40C6-B08E-50741CECDDEA}.Debug|Any CPU.Build.0 = Debug|Any CPU
		{F9F99E09-7478-40C6-B08E-50741CECDDEA}.Debug|Any CPU.Deploy.0 = Debug|Any CPU
		{F9F99E09-7478-40C6-B08E-50741CECDDEA}.Debug|iPhone.ActiveCfg = Debug|Any CPU
		{F9F99E09-7478-40C6-B08E-50741CECDDEA}.Debug|iPhone.Build.0 = Debug|Any CPU
		{F9F99E09-7478-40C6-B08E-50741CECDDEA}.Debug|iPhone.Deploy.0 = Debug|Any CPU
		{F9F99E09-7478-40C6-B08E-50741CECDDEA}.Debug|iPhoneSimulator.ActiveCfg = Debug|Any CPU
		{F9F99E09-7478-40C6-B08E-50741CECDDEA}.Debug|iPhoneSimulator.Build.0 = Debug|Any CPU
		{F9F99E09-7478-40C6-B08E-50741CECDDEA}.Debug|iPhoneSimulator.Deploy.0 = Debug|Any CPU
		{F9F99E09-7478-40C6-B08E-50741CECDDEA}.Release|Any CPU.ActiveCfg = Release|Any CPU
		{F9F99E09-7478-40C6-B08E-50741CECDDEA}.Release|Any CPU.Build.0 = Release|Any CPU
		{F9F99E09-7478-40C6-B08E-50741CECDDEA}.Release|Any CPU.Deploy.0 = Release|Any CPU
		{F9F99E09-7478-40C6-B08E-50741CECDDEA}.Release|iPhone.ActiveCfg = Release|Any CPU
		{F9F99E09-7478-40C6-B08E-50741CECDDEA}.Release|iPhone.Build.0 = Release|Any CPU
		{F9F99E09-7478-40C6-B08E-50741CECDDEA}.Release|iPhone.Deploy.0 = Release|Any CPU
		{F9F99E09-7478-40C6-B08E-50741CECDDEA}.Release|iPhoneSimulator.ActiveCfg = Release|Any CPU
		{F9F99E09-7478-40C6-B08E-50741CECDDEA}.Release|iPhoneSimulator.Build.0 = Release|Any CPU
		{F9F99E09-7478-40C6-B08E-50741CECDDEA}.Release|iPhoneSimulator.Deploy.0 = Release|Any CPU
	EndGlobalSection
	GlobalSection(SolutionProperties) = preSolution
		HideSolutionNode = FALSE
	EndGlobalSection
	GlobalSection(ExtensibilityGlobals) = postSolution
		SolutionGuid = {E0398689-F904-4EA3-B79E-730AABE25B62}
	EndGlobalSection
EndGlobal
